# This file is generated by running "yarn install" inside your project.
# Manual changes might be lost - proceed with caution!

__metadata:
  version: 8
  cacheKey: 10c0

"@isaacs/fs-minipass@npm:^4.0.0":
  version: 4.0.1
  resolution: "@isaacs/fs-minipass@npm:4.0.1"
  dependencies:
    minipass: "npm:^7.0.4"
  checksum: 10c0/c25b6dc1598790d5b55c0947a9b7d111cfa92594db5296c3b907e2f533c033666f692a3939eadac17b1c7c40d362d0b0635dc874cbfe3e70db7c2b07cc97a5d2
  languageName: node
  linkType: hard

"@mongodb-js/saslprep@npm:^1.3.0":
  version: 1.4.11
  resolution: "@mongodb-js/saslprep@npm:1.4.11"
  dependencies:
    sparse-bitfield: "npm:^3.0.3"
  checksum: 10c0/fd80e94bcb0ae6330c4ad9873f429be08baf5d840b757b4feb377bd0e127d8338f898e7f887aceb9a7712a39756d10ab0634ec1096a2d30b2c7cbd62e2499fee
  languageName: node
  linkType: hard

"@types/webidl-conversions@npm:*":
  version: 7.0.3
  resolution: "@types/webidl-conversions@npm:7.0.3"
  checksum: 10c0/ac2ccff93b95ac7c8ca73dc6064403181691bba7ea144296f462dc9108a07be16cbad7b9c704b3df706dcc5a117e1f7bf7fb27aeb75b09c0f3148de8aee11aff
  languageName: node
  linkType: hard

"@types/whatwg-url@npm:^13.0.0":
  version: 13.0.0
  resolution: "@types/whatwg-url@npm:13.0.0"
  dependencies:
    "@types/webidl-conversions": "npm:*"
  checksum: 10c0/b7b53ae7b5290a0c26e2a5c6a2353af925fe9fc7ab0bbf642e8b76f65b39f638b471dadfda8da441aed3ca32cafd33b1a03459117c9ec85fd91b1e6c0e93044e
  languageName: node
  linkType: hard

"abbrev@npm:^4.0.0":
  version: 4.0.0
  resolution: "abbrev@npm:4.0.0"
  checksum: 10c0/b4cc16935235e80702fc90192e349e32f8ef0ed151ef506aa78c81a7c455ec18375c4125414b99f84b2e055199d66383e787675f0bcd87da7a4dbd59f9eac1d5
  languageName: node
  linkType: hard

"accepts@npm:~1.3.5":
  version: 1.3.8
  resolution: "accepts@npm:1.3.8"
  dependencies:
    mime-types: "npm:~2.1.34"
    negotiator: "npm:0.6.3"
  checksum: 10c0/3a35c5f5586cfb9a21163ca47a5f77ac34fa8ceb5d17d2fa2c0d81f41cbd7f8c6fa52c77e2c039acc0f4d09e71abdc51144246900f6bef5e3c4b333f77d89362
  languageName: node
  linkType: hard

"array-flatten@npm:1.1.1":
  version: 1.1.1
  resolution: "array-flatten@npm:1.1.1"
  checksum: 10c0/806966c8abb2f858b08f5324d9d18d7737480610f3bd5d3498aaae6eb5efdc501a884ba019c9b4a8f02ff67002058749d05548fd42fa8643f02c9c7f22198b91
  languageName: node
  linkType: hard

"basic-auth@npm:~2.0.0":
  version: 2.0.1
  resolution: "basic-auth@npm:2.0.1"
  dependencies:
    safe-buffer: "npm:5.1.2"
  checksum: 10c0/05f56db3a0fc31c89c86b605231e32ee143fb6ae38dc60616bc0970ae6a0f034172def99e69d3aed0e2c9e7cac84e2d63bc51a0b5ff6ab5fc8808cc8b29923c1
  languageName: node
  linkType: hard

"bcrypt@npm:^6.0.0":
  version: 6.0.0
  resolution: "bcrypt@npm:6.0.0"
  dependencies:
    node-addon-api: "npm:^8.3.0"
    node-gyp: "npm:latest"
    node-gyp-build: "npm:^4.8.4"
  checksum: 10c0/006e69d4b3f0f021051fa9d998a768721a51dde28e7848e3e775ab608ba3476b25fa9262a7082ececbb0d493b0b6ca83673a6f3810b114fe90ec1bc6ae4b35b2
  languageName: node
  linkType: hard

"body-parser@npm:1.18.3":
  version: 1.18.3
  resolution: "body-parser@npm:1.18.3"
  dependencies:
    bytes: "npm:3.0.0"
    content-type: "npm:~1.0.4"
    debug: "npm:2.6.9"
    depd: "npm:~1.1.2"
    http-errors: "npm:~1.6.3"
    iconv-lite: "npm:0.4.23"
    on-finished: "npm:~2.3.0"
    qs: "npm:6.5.2"
    raw-body: "npm:2.3.3"
    type-is: "npm:~1.6.16"
  checksum: 10c0/ebc0403f3bce6480529eb1864c5504ce4e8248918508026c2da3b1a7ab6b3478fa84262877b0ae93a5f084828d26ad26efd575eb0b007785482fe2e8f89fd0b9
  languageName: node
  linkType: hard

"bson@npm:^7.2.0":
  version: 7.2.0
  resolution: "bson@npm:7.2.0"
  checksum: 10c0/f6d074d910a23e9fe2d6b6c2d1095ceab11f99e2b2e351062b396d5ea5c31ae276544582374e3c0c25e579d62c9187797c75460e48e8813306dc1d23ca1b0107
  languageName: node
  linkType: hard

"bytes@npm:3.0.0":
  version: 3.0.0
  resolution: "bytes@npm:3.0.0"
  checksum: 10c0/91d42c38601c76460519ffef88371caacaea483a354c8e4b8808e7b027574436a5713337c003ea3de63ee4991c2a9a637884fdfe7f761760d746929d9e8fec60
  languageName: node
  linkType: hard

"chownr@npm:^3.0.0":
  version: 3.0.0
  resolution: "chownr@npm:3.0.0"
  checksum: 10c0/43925b87700f7e3893296c8e9c56cc58f926411cce3a6e5898136daaf08f08b9a8eb76d37d3267e707d0dcc17aed2e2ebdf5848c0c3ce95cf910a919935c1b10
  languageName: node
  linkType: hard

"content-disposition@npm:0.5.2":
  version: 0.5.2
  resolution: "content-disposition@npm:0.5.2"
  checksum: 10c0/49eebaa0da1f9609b192e99d7fec31d1178cb57baa9d01f5b63b29787ac31e9d18b5a1033e854c68c9b6cce790e700a6f7fa60e43f95e2e416404e114a8f2f49
  languageName: node
  linkType: hard

"content-type@npm:~1.0.4":
  version: 1.0.5
  resolution: "content-type@npm:1.0.5"
  checksum: 10c0/b76ebed15c000aee4678c3707e0860cb6abd4e680a598c0a26e17f0bfae723ec9cc2802f0ff1bc6e4d80603719010431d2231018373d4dde10f9ccff9dadf5af
  languageName: node
  linkType: hard

"cookie-parser@npm:~1.4.4":
  version: 1.4.7
  resolution: "cookie-parser@npm:1.4.7"
  dependencies:
    cookie: "npm:0.7.2"
    cookie-signature: "npm:1.0.6"
  checksum: 10c0/46bef553de409031b69a6074ce512d131a98e4fa12612669f1a9c3dd98d56897a31db86a3f4338d4a3a895c6f8d5cfd6fa4d99cdf588e0e8eda655efc3f384dc
  languageName: node
  linkType: hard

"cookie-signature@npm:1.0.6":
  version: 1.0.6
  resolution: "cookie-signature@npm:1.0.6"
  checksum: 10c0/b36fd0d4e3fef8456915fcf7742e58fbfcc12a17a018e0eb9501c9d5ef6893b596466f03b0564b81af29ff2538fd0aa4b9d54fe5ccbfb4c90ea50ad29fe2d221
  languageName: node
  linkType: hard

"cookie@npm:0.3.1":
  version: 0.3.1
  resolution: "cookie@npm:0.3.1"
  checksum: 10c0/0d73c4d605b234c4d04de335aefa4988157f03265845f4a89ea311e3ba1ce73ab42b52d33652ed1c9671342eb77742a58f61753f3e90f31711284fb6031b2962
  languageName: node
  linkType: hard

"cookie@npm:0.7.2":
  version: 0.7.2
  resolution: "cookie@npm:0.7.2"
  checksum: 10c0/9596e8ccdbf1a3a88ae02cf5ee80c1c50959423e1022e4e60b91dd87c622af1da309253d8abdb258fb5e3eacb4f08e579dc58b4897b8087574eee0fd35dfa5d2
  languageName: node
  linkType: hard

"cors@npm:^2.8.6":
  version: 2.8.6
  resolution: "cors@npm:2.8.6"
  dependencies:
    object-assign: "npm:^4"
    vary: "npm:^1"
  checksum: 10c0/ab2bc57b8af8ef8476682a59647f7c55c1a7d406b559ac06119aa1c5f70b96d35036864d197b24cf86e228e4547231088f1f94ca05061dbb14d89cc0bc9d4cab
  languageName: node
  linkType: hard

"debug@npm:2.6.9, debug@npm:~2.6.9":
  version: 2.6.9
  resolution: "debug@npm:2.6.9"
  dependencies:
    ms: "npm:2.0.0"
  checksum: 10c0/121908fb839f7801180b69a7e218a40b5a0b718813b886b7d6bdb82001b931c938e2941d1e4450f33a1b1df1da653f5f7a0440c197f29fbf8a6e9d45ff6ef589
  languageName: node
  linkType: hard

"depd@npm:~1.1.2":
  version: 1.1.2
  resolution: "depd@npm:1.1.2"
  checksum: 10c0/acb24aaf936ef9a227b6be6d495f0d2eb20108a9a6ad40585c5bda1a897031512fef6484e4fdbb80bd249fdaa82841fa1039f416ece03188e677ba11bcfda249
  languageName: node
  linkType: hard

"destroy@npm:~1.0.4":
  version: 1.0.4
  resolution: "destroy@npm:1.0.4"
  checksum: 10c0/eab493808ba17a1fa22c71ef1a4e68d2c4c5222a38040606c966d2ab09117f3a7f3e05c39bffbe41a697f9de552039e43c30e46f0c3eab3faa9f82e800e172a0
  languageName: node
  linkType: hard

"dotenv@npm:^17.4.2":
  version: 17.4.2
  resolution: "dotenv@npm:17.4.2"
  checksum: 10c0/164f8e77a646c8446867d5b588d26ea6005c8ea7c5eb41cf926f6113d23f2191355f6e0cfd95ea9bab98394a5b0a3f1e51a8399711b666fe55cc7b0bd745f942
  languageName: node
  linkType: hard

"ee-first@npm:1.1.1":
  version: 1.1.1
  resolution: "ee-first@npm:1.1.1"
  checksum: 10c0/b5bb125ee93161bc16bfe6e56c6b04de5ad2aa44234d8f644813cc95d861a6910903132b05093706de2b706599367c4130eb6d170f6b46895686b95f87d017b7
  languageName: node
  linkType: hard

"encodeurl@npm:~1.0.2":
  version: 1.0.2
  resolution: "encodeurl@npm:1.0.2"
  checksum: 10c0/f6c2387379a9e7c1156c1c3d4f9cb7bb11cf16dd4c1682e1f6746512564b053df5781029b6061296832b59fb22f459dbe250386d217c2f6e203601abb2ee0bec
  languageName: node
  linkType: hard

"env-paths@npm:^2.2.0":
  version: 2.2.1
  resolution: "env-paths@npm:2.2.1"
  checksum: 10c0/285325677bf00e30845e330eec32894f5105529db97496ee3f598478e50f008c5352a41a30e5e72ec9de8a542b5a570b85699cd63bd2bc646dbcb9f311d83bc4
  languageName: node
  linkType: hard

"escape-html@npm:~1.0.3":
  version: 1.0.3
  resolution: "escape-html@npm:1.0.3"
  checksum: 10c0/524c739d776b36c3d29fa08a22e03e8824e3b2fd57500e5e44ecf3cc4707c34c60f9ca0781c0e33d191f2991161504c295e98f68c78fe7baa6e57081ec6ac0a3
  languageName: node
  linkType: hard

"etag@npm:~1.8.1":
  version: 1.8.1
  resolution: "etag@npm:1.8.1"
  checksum: 10c0/12be11ef62fb9817314d790089a0a49fae4e1b50594135dcb8076312b7d7e470884b5100d249b28c18581b7fd52f8b485689ffae22a11ed9ec17377a33a08f84
  languageName: node
  linkType: hard

"exponential-backoff@npm:^3.1.1":
  version: 3.1.3
  resolution: "exponential-backoff@npm:3.1.3"
  checksum: 10c0/77e3ae682b7b1f4972f563c6dbcd2b0d54ac679e62d5d32f3e5085feba20483cf28bd505543f520e287a56d4d55a28d7874299941faf637e779a1aa5994d1267
  languageName: node
  linkType: hard

"express@npm:~4.16.1":
  version: 4.16.4
  resolution: "express@npm:4.16.4"
  dependencies:
    accepts: "npm:~1.3.5"
    array-flatten: "npm:1.1.1"
    body-parser: "npm:1.18.3"
    content-disposition: "npm:0.5.2"
    content-type: "npm:~1.0.4"
    cookie: "npm:0.3.1"
    cookie-signature: "npm:1.0.6"
    debug: "npm:2.6.9"
    depd: "npm:~1.1.2"
    encodeurl: "npm:~1.0.2"
    escape-html: "npm:~1.0.3"
    etag: "npm:~1.8.1"
    finalhandler: "npm:1.1.1"
    fresh: "npm:0.5.2"
    merge-descriptors: "npm:1.0.1"
    methods: "npm:~1.1.2"
    on-finished: "npm:~2.3.0"
    parseurl: "npm:~1.3.2"
    path-to-regexp: "npm:0.1.7"
    proxy-addr: "npm:~2.0.4"
    qs: "npm:6.5.2"
    range-parser: "npm:~1.2.0"
    safe-buffer: "npm:5.1.2"
    send: "npm:0.16.2"
    serve-static: "npm:1.13.2"
    setprototypeof: "npm:1.1.0"
    statuses: "npm:~1.4.0"
    type-is: "npm:~1.6.16"
    utils-merge: "npm:1.0.1"
    vary: "npm:~1.1.2"
  checksum: 10c0/dfa1ae84a102728cead3d5d600e941fa06ecd158e34f9bf1ba2cde18cd7de1c83b35beedf377861b20f33b47a8c9d0c18dd26f8fc01d0e7dc0e8f582ab34bdd6
  languageName: node
  linkType: hard

"fdir@npm:^6.5.0":
  version: 6.5.0
  resolution: "fdir@npm:6.5.0"
  peerDependencies:
    picomatch: ^3 || ^4
  peerDependenciesMeta:
    picomatch:
      optional: true
  checksum: 10c0/e345083c4306b3aed6cb8ec551e26c36bab5c511e99ea4576a16750ddc8d3240e63826cc624f5ae17ad4dc82e68a253213b60d556c11bfad064b7607847ed07f
  languageName: node
  linkType: hard

"finalhandler@npm:1.1.1":
  version: 1.1.1
  resolution: "finalhandler@npm:1.1.1"
  dependencies:
    debug: "npm:2.6.9"
    encodeurl: "npm:~1.0.2"
    escape-html: "npm:~1.0.3"
    on-finished: "npm:~2.3.0"
    parseurl: "npm:~1.3.2"
    statuses: "npm:~1.4.0"
    unpipe: "npm:~1.0.0"
  checksum: 10c0/c0fcd573daf3188a4ae7ea6988c9de3e53fd3d20e78e0c3ebd4a6a184c0e7a6ec3dc1c0e42ceb710323642ca4eaeded5440db57c0505c794616538452479bf22
  languageName: node
  linkType: hard

"forwarded@npm:0.2.0":
  version: 0.2.0
  resolution: "forwarded@npm:0.2.0"
  checksum: 10c0/9b67c3fac86acdbc9ae47ba1ddd5f2f81526fa4c8226863ede5600a3f7c7416ef451f6f1e240a3cc32d0fd79fcfe6beb08fd0da454f360032bde70bf80afbb33
  languageName: node
  linkType: hard

"fresh@npm:0.5.2":
  version: 0.5.2
  resolution: "fresh@npm:0.5.2"
  checksum: 10c0/c6d27f3ed86cc5b601404822f31c900dd165ba63fff8152a3ef714e2012e7535027063bc67ded4cb5b3a49fa596495d46cacd9f47d6328459cf570f08b7d9e5a
  languageName: node
  linkType: hard

"graceful-fs@npm:^4.2.6":
  version: 4.2.11
  resolution: "graceful-fs@npm:4.2.11"
  checksum: 10c0/386d011a553e02bc594ac2ca0bd6d9e4c22d7fa8cfbfc448a6d148c59ea881b092db9dbe3547ae4b88e55f1b01f7c4a2ecc53b310c042793e63aa44cf6c257f2
  languageName: node
  linkType: hard

"http-errors@npm:1.6.3, http-errors@npm:~1.6.2, http-errors@npm:~1.6.3":
  version: 1.6.3
  resolution: "http-errors@npm:1.6.3"
  dependencies:
    depd: "npm:~1.1.2"
    inherits: "npm:2.0.3"
    setprototypeof: "npm:1.1.0"
    statuses: "npm:>= 1.4.0 < 2"
  checksum: 10c0/17ec4046ee974477778bfdd525936c254b872054703ec2caa4d6f099566b8adade636ae6aeeacb39302c5cd6e28fb407ebd937f500f5010d0b6850750414ff78
  languageName: node
  linkType: hard

"iconv-lite@npm:0.4.23":
  version: 0.4.23
  resolution: "iconv-lite@npm:0.4.23"
  dependencies:
    safer-buffer: "npm:>= 2.1.2 < 3"
  checksum: 10c0/f757960ebf906c5f0b08fac9d602aa29695a7b1d9947bd6eaf5f6e5beb9f68161a1d5d4ff40d56d823fd897eecf42c0619230bddf3bae7d6583eaa53231d8f10
  languageName: node
  linkType: hard

"inherits@npm:2.0.3":
  version: 2.0.3
  resolution: "inherits@npm:2.0.3"
  checksum: 10c0/6e56402373149ea076a434072671f9982f5fad030c7662be0332122fe6c0fa490acb3cc1010d90b6eff8d640b1167d77674add52dfd1bb85d545cf29e80e73e7
  languageName: node
  linkType: hard

"ipaddr.js@npm:1.9.1":
  version: 1.9.1
  resolution: "ipaddr.js@npm:1.9.1"
  checksum: 10c0/0486e775047971d3fdb5fb4f063829bac45af299ae0b82dcf3afa2145338e08290563a2a70f34b732d795ecc8311902e541a8530eeb30d75860a78ff4e94ce2a
  languageName: node
  linkType: hard

"isexe@npm:^4.0.0":
  version: 4.0.0
  resolution: "isexe@npm:4.0.0"
  checksum: 10c0/5884815115bceac452877659a9c7726382531592f43dc29e5d48b7c4100661aed54018cb90bd36cb2eaeba521092570769167acbb95c18d39afdccbcca06c5ce
  languageName: node
  linkType: hard

"kareem@npm:3.3.0":
  version: 3.3.0
  resolution: "kareem@npm:3.3.0"
  checksum: 10c0/51b5adb120bb535ab905d8fa265ae0a5a1b865ac23164d62cfaa5a0fc8e66f4bf39a12cdfa3e76d3710af30b19bf17ca293c47cae6473f5b8721ca5ac83c6952
  languageName: node
  linkType: hard

"makeitaccessible-back@workspace:.":
  version: 0.0.0-use.local
  resolution: "makeitaccessible-back@workspace:."
  dependencies:
    bcrypt: "npm:^6.0.0"
    cookie-parser: "npm:~1.4.4"
    cors: "npm:^2.8.6"
    debug: "npm:~2.6.9"
    dotenv: "npm:^17.4.2"
    express: "npm:~4.16.1"
    moment: "npm:^2.29.3"
    mongoose: "npm:^9.6.2"
    morgan: "npm:~1.9.1"
    node-fetch: "npm:2"
    uid2: "npm:^1.0.0"
  languageName: unknown
  linkType: soft

"media-typer@npm:0.3.0":
  version: 0.3.0
  resolution: "media-typer@npm:0.3.0"
  checksum: 10c0/d160f31246907e79fed398470285f21bafb45a62869dc469b1c8877f3f064f5eabc4bcc122f9479b8b605bc5c76187d7871cf84c4ee3ecd3e487da1993279928
  languageName: node
  linkType: hard

"memory-pager@npm:^1.0.2":
  version: 1.5.0
  resolution: "memory-pager@npm:1.5.0"
  checksum: 10c0/2596e80c99fee24f05bd8a20cde2ee899012c996f4ec361ac76ed6f009f34149d733ac6f76880106ccd6a66d062ad439357578d383d429df66ba1278f68806e9
  languageName: node
  linkType: hard

"merge-descriptors@npm:1.0.1":
  version: 1.0.1
  resolution: "merge-descriptors@npm:1.0.1"
  checksum: 10c0/b67d07bd44cfc45cebdec349bb6e1f7b077ee2fd5beb15d1f7af073849208cb6f144fe403e29a36571baf3f4e86469ac39acf13c318381e958e186b2766f54ec
  languageName: node
  linkType: hard

"methods@npm:~1.1.2":
  version: 1.1.2
  resolution: "methods@npm:1.1.2"
  checksum: 10c0/bdf7cc72ff0a33e3eede03708c08983c4d7a173f91348b4b1e4f47d4cdbf734433ad971e7d1e8c77247d9e5cd8adb81ea4c67b0a2db526b758b2233d7814b8b2
  languageName: node
  linkType: hard

"mime-db@npm:1.52.0":
  version: 1.52.0
  resolution: "mime-db@npm:1.52.0"
  checksum: 10c0/0557a01deebf45ac5f5777fe7740b2a5c309c6d62d40ceab4e23da9f821899ce7a900b7ac8157d4548ddbb7beffe9abc621250e6d182b0397ec7f10c7b91a5aa
  languageName: node
  linkType: hard

"mime-types@npm:~2.1.24, mime-types@npm:~2.1.34":
  version: 2.1.35
  resolution: "mime-types@npm:2.1.35"
  dependencies:
    mime-db: "npm:1.52.0"
  checksum: 10c0/82fb07ec56d8ff1fc999a84f2f217aa46cb6ed1033fefaabd5785b9a974ed225c90dc72fff460259e66b95b73648596dbcc50d51ed69cdf464af2d237d3149b2
  languageName: node
  linkType: hard

"mime@npm:1.4.1":
  version: 1.4.1
  resolution: "mime@npm:1.4.1"
  bin:
    mime: cli.js
  checksum: 10c0/ba9db9f7eb3eaae61c072cf06d744db99c091b5c9fa49f68e44ada7c6cccc89568c7a830f9ae0a11f37c88ca3851cb59a138e4703895e01d55dbff274feb74be
  languageName: node
  linkType: hard

"minipass@npm:^7.0.4, minipass@npm:^7.1.2":
  version: 7.1.3
  resolution: "minipass@npm:7.1.3"
  checksum: 10c0/539da88daca16533211ea5a9ee98dc62ff5742f531f54640dd34429e621955e91cc280a91a776026264b7f9f6735947629f920944e9c1558369e8bf22eb33fbb
  languageName: node
  linkType: hard

"minizlib@npm:^3.1.0":
  version: 3.1.0
  resolution: "minizlib@npm:3.1.0"
  dependencies:
    minipass: "npm:^7.1.2"
  checksum: 10c0/5aad75ab0090b8266069c9aabe582c021ae53eb33c6c691054a13a45db3b4f91a7fb1bd79151e6b4e9e9a86727b522527c0a06ec7d45206b745d54cd3097bcec
  languageName: node
  linkType: hard

"moment@npm:^2.29.3":
  version: 2.30.1
  resolution: "moment@npm:2.30.1"
  checksum: 10c0/865e4279418c6de666fca7786607705fd0189d8a7b7624e2e56be99290ac846f90878a6f602e34b4e0455c549b85385b1baf9966845962b313699e7cb847543a
  languageName: node
  linkType: hard

"mongodb-connection-string-url@npm:^7.0.0":
  version: 7.0.1
  resolution: "mongodb-connection-string-url@npm:7.0.1"
  dependencies:
    "@types/whatwg-url": "npm:^13.0.0"
    whatwg-url: "npm:^14.1.0"
  checksum: 10c0/0124edacc556bfb8d7b63b7fe7a1d9e641120fb614ccd40e656c9a948d308280956d41e375ccee01738e13d0fdccaf6d5a95e81b70f05b901e721fa5a9bebd2c
  languageName: node
  linkType: hard

"mongodb@npm:~7.2":
  version: 7.2.0
  resolution: "mongodb@npm:7.2.0"
  dependencies:
    "@mongodb-js/saslprep": "npm:^1.3.0"
    bson: "npm:^7.2.0"
    mongodb-connection-string-url: "npm:^7.0.0"
  peerDependencies:
    "@aws-sdk/credential-providers": ^3.806.0
    "@mongodb-js/zstd": ^7.0.0
    gcp-metadata: ^7.0.1
    kerberos: ^7.0.0
    mongodb-client-encryption: ">=7.0.0 <7.1.0"
    snappy: ^7.3.2
    socks: ^2.8.6
  peerDependenciesMeta:
    "@aws-sdk/credential-providers":
      optional: true
    "@mongodb-js/zstd":
      optional: true
    gcp-metadata:
      optional: true
    kerberos:
      optional: true
    mongodb-client-encryption:
      optional: true
    snappy:
      optional: true
    socks:
      optional: true
  checksum: 10c0/f5644558fe97f73c4826d7b5bdf92c53903810cff03e9565535605c8b5c8a940d60aef6b52c4a5f001b2693da8eecf1a1ef36b12fbd886dc0faf9eb02e820b7a
  languageName: node
  linkType: hard

"mongoose@npm:^9.6.2":
  version: 9.6.2
  resolution: "mongoose@npm:9.6.2"
  dependencies:
    kareem: "npm:3.3.0"
    mongodb: "npm:~7.2"
    mpath: "npm:0.9.0"
    mquery: "npm:6.0.0"
    ms: "npm:2.1.3"
    sift: "npm:17.1.3"
  checksum: 10c0/9f74a8452da824fdb3a5810b5641421be351c51892d7c45dc8077dd75a97138786429d53ea4aac2723973ebfe1e9f26802211a8f96635e5eadf04dbfe5e3afe0
  languageName: node
  linkType: hard

"morgan@npm:~1.9.1":
  version: 1.9.1
  resolution: "morgan@npm:1.9.1"
  dependencies:
    basic-auth: "npm:~2.0.0"
    debug: "npm:2.6.9"
    depd: "npm:~1.1.2"
    on-finished: "npm:~2.3.0"
    on-headers: "npm:~1.0.1"
  checksum: 10c0/c242d0be8297cd0c02276af76b79c274e434d738d8346b2bb20e48342c2c51ae9c4ea250b499949de89232e1247c0018e175a4df256bda06ed22a6891da0a392
  languageName: node
  linkType: hard

"mpath@npm:0.9.0":
  version: 0.9.0
  resolution: "mpath@npm:0.9.0"
  checksum: 10c0/ac1a77ebbd44567f122fb3026c9647836215d5bb75b54064d1f3d998125644fe7a775b89441b94d4d60f43ad9638a12d830a9e29f36116e93b8cdfd111816e8f
  languageName: node
  linkType: hard

"mquery@npm:6.0.0":
  version: 6.0.0
  resolution: "mquery@npm:6.0.0"
  checksum: 10c0/5b566ad66d5de1d9213827e21ef87905c7e67ac07780a7f09ad3adf76e7537d5810138d3270633d06430e3ee7886205fbc174f3389e730e23ee8530993354b6b
  languageName: node
  linkType: hard

"ms@npm:2.0.0":
  version: 2.0.0
  resolution: "ms@npm:2.0.0"
  checksum: 10c0/f8fda810b39fd7255bbdc451c46286e549794fcc700dc9cd1d25658bbc4dc2563a5de6fe7c60f798a16a60c6ceb53f033cb353f493f0cf63e5199b702943159d
  languageName: node
  linkType: hard

"ms@npm:2.1.3":
  version: 2.1.3
  resolution: "ms@npm:2.1.3"
  checksum: 10c0/d924b57e7312b3b63ad21fc5b3dc0af5e78d61a1fc7cfb5457edaf26326bf62be5307cc87ffb6862ef1c2b33b0233cdb5d4f01c4c958cc0d660948b65a287a48
  languageName: node
  linkType: hard

"negotiator@npm:0.6.3":
  version: 0.6.3
  resolution: "negotiator@npm:0.6.3"
  checksum: 10c0/3ec9fd413e7bf071c937ae60d572bc67155262068ed522cf4b3be5edbe6ddf67d095ec03a3a14ebf8fc8e95f8e1d61be4869db0dbb0de696f6b837358bd43fc2
  languageName: node
  linkType: hard

"node-addon-api@npm:^8.3.0":
  version: 8.8.0
  resolution: "node-addon-api@npm:8.8.0"
  dependencies:
    node-gyp: "npm:latest"
  checksum: 10c0/4fc508efce85b448eac0e6ca5e3df7f287db42ca6b7c83490c1b9e805f56f558f0d4411112b3b1cb27a573a5a1007eefd0ca91e7aa2afa5b9b513a146b1ae8f9
  languageName: node
  linkType: hard

"node-fetch@npm:2":
  version: 2.7.0
  resolution: "node-fetch@npm:2.7.0"
  dependencies:
    whatwg-url: "npm:^5.0.0"
  peerDependencies:
    encoding: ^0.1.0
  peerDependenciesMeta:
    encoding:
      optional: true
  checksum: 10c0/b55786b6028208e6fbe594ccccc213cab67a72899c9234eb59dba51062a299ea853210fcf526998eaa2867b0963ad72338824450905679ff0fa304b8c5093ae8
  languageName: node
  linkType: hard

"node-gyp-build@npm:^4.8.4":
  version: 4.8.4
  resolution: "node-gyp-build@npm:4.8.4"
  bin:
    node-gyp-build: bin.js
    node-gyp-build-optional: optional.js
    node-gyp-build-test: build-test.js
  checksum: 10c0/444e189907ece2081fe60e75368784f7782cfddb554b60123743dfb89509df89f1f29c03bbfa16b3a3e0be3f48799a4783f487da6203245fa5bed239ba7407e1
  languageName: node
  linkType: hard

"node-gyp@npm:latest":
  version: 12.3.0
  resolution: "node-gyp@npm:12.3.0"
  dependencies:
    env-paths: "npm:^2.2.0"
    exponential-backoff: "npm:^3.1.1"
    graceful-fs: "npm:^4.2.6"
    nopt: "npm:^9.0.0"
    proc-log: "npm:^6.0.0"
    semver: "npm:^7.3.5"
    tar: "npm:^7.5.4"
    tinyglobby: "npm:^0.2.12"
    undici: "npm:^6.25.0"
    which: "npm:^6.0.0"
  bin:
    node-gyp: bin/node-gyp.js
  checksum: 10c0/9d9032b405cbe42f72a105259d9eb679376470c102df4a2dbaa51e07d59bf741dcffb85897087ea9d8318b9cabb824a8978af51508ae142f0239ae1e6a3c2329
  languageName: node
  linkType: hard

"nopt@npm:^9.0.0":
  version: 9.0.0
  resolution: "nopt@npm:9.0.0"
  dependencies:
    abbrev: "npm:^4.0.0"
  bin:
    nopt: bin/nopt.js
  checksum: 10c0/1822eb6f9b020ef6f7a7516d7b64a8036e09666ea55ac40416c36e4b2b343122c3cff0e2f085675f53de1d2db99a2a89a60ccea1d120bcd6a5347bf6ceb4a7fd
  languageName: node
  linkType: hard

"object-assign@npm:^4":
  version: 4.1.1
  resolution: "object-assign@npm:4.1.1"
  checksum: 10c0/1f4df9945120325d041ccf7b86f31e8bcc14e73d29171e37a7903050e96b81323784ec59f93f102ec635bcf6fa8034ba3ea0a8c7e69fa202b87ae3b6cec5a414
  languageName: node
  linkType: hard

"on-finished@npm:~2.3.0":
  version: 2.3.0
  resolution: "on-finished@npm:2.3.0"
  dependencies:
    ee-first: "npm:1.1.1"
  checksum: 10c0/c904f9e518b11941eb60279a3cbfaf1289bd0001f600a950255b1dede9fe3df8cd74f38483550b3bb9485165166acb5db500c3b4c4337aec2815c88c96fcc2ea
  languageName: node
  linkType: hard

"on-headers@npm:~1.0.1":
  version: 1.0.2
  resolution: "on-headers@npm:1.0.2"
  checksum: 10c0/f649e65c197bf31505a4c0444875db0258e198292f34b884d73c2f751e91792ef96bb5cf89aa0f4fecc2e4dc662461dda606b1274b0e564f539cae5d2f5fc32f
  languageName: node
  linkType: hard

"parseurl@npm:~1.3.2":
  version: 1.3.3
  resolution: "parseurl@npm:1.3.3"
  checksum: 10c0/90dd4760d6f6174adb9f20cf0965ae12e23879b5f5464f38e92fce8073354341e4b3b76fa3d878351efe7d01e617121955284cfd002ab087fba1a0726ec0b4f5
  languageName: node
  linkType: hard

"path-to-regexp@npm:0.1.7":
  version: 0.1.7
  resolution: "path-to-regexp@npm:0.1.7"
  checksum: 10c0/50a1ddb1af41a9e68bd67ca8e331a705899d16fb720a1ea3a41e310480948387daf603abb14d7b0826c58f10146d49050a1291ba6a82b78a382d1c02c0b8f905
  languageName: node
  linkType: hard

"picomatch@npm:^4.0.4":
  version: 4.0.4
  resolution: "picomatch@npm:4.0.4"
  checksum: 10c0/e2c6023372cc7b5764719a5ffb9da0f8e781212fa7ca4bd0562db929df8e117460f00dff3cb7509dacfc06b86de924b247f504d0ce1806a37fac4633081466b0
  languageName: node
  linkType: hard

"proc-log@npm:^6.0.0":
  version: 6.1.0
  resolution: "proc-log@npm:6.1.0"
  checksum: 10c0/4f178d4062733ead9d71a9b1ab24ebcecdfe2250916a5b1555f04fe2eda972a0ec76fbaa8df1ad9c02707add6749219d118a4fc46dc56bdfe4dde4b47d80bb82
  languageName: node
  linkType: hard

"proxy-addr@npm:~2.0.4":
  version: 2.0.7
  resolution: "proxy-addr@npm:2.0.7"
  dependencies:
    forwarded: "npm:0.2.0"
    ipaddr.js: "npm:1.9.1"
  checksum: 10c0/c3eed999781a35f7fd935f398b6d8920b6fb00bbc14287bc6de78128ccc1a02c89b95b56742bf7cf0362cc333c61d138532049c7dedc7a328ef13343eff81210
  languageName: node
  linkType: hard

"punycode@npm:^2.3.1":
  version: 2.3.1
  resolution: "punycode@npm:2.3.1"
  checksum: 10c0/14f76a8206bc3464f794fb2e3d3cc665ae416c01893ad7a02b23766eb07159144ee612ad67af5e84fa4479ccfe67678c4feb126b0485651b302babf66f04f9e9
  languageName: node
  linkType: hard

"qs@npm:6.5.2":
  version: 6.5.2
  resolution: "qs@npm:6.5.2"
  checksum: 10c0/dab79026d56e6f1fdcc4779a1c6e05d05dad2199443a025815399f545294c9ea2c3ab50a5198600f5f13f52c5672b4389ceccf946919e150467281abf6edf747
  languageName: node
  linkType: hard

"range-parser@npm:~1.2.0":
  version: 1.2.1
  resolution: "range-parser@npm:1.2.1"
  checksum: 10c0/96c032ac2475c8027b7a4e9fe22dc0dfe0f6d90b85e496e0f016fbdb99d6d066de0112e680805075bd989905e2123b3b3d002765149294dce0c1f7f01fcc2ea0
  languageName: node
  linkType: hard

"raw-body@npm:2.3.3":
  version: 2.3.3
  resolution: "raw-body@npm:2.3.3"
  dependencies:
    bytes: "npm:3.0.0"
    http-errors: "npm:1.6.3"
    iconv-lite: "npm:0.4.23"
    unpipe: "npm:1.0.0"
  checksum: 10c0/5aff0726e89f24f63f1bd4e02d0a36380040a468a9430820eba41d93bb524863e61241a489acf0aaca306a20e5ee2067ce00371700c7fc407b950052acbf5c47
  languageName: node
  linkType: hard

"safe-buffer@npm:5.1.2":
  version: 5.1.2
  resolution: "safe-buffer@npm:5.1.2"
  checksum: 10c0/780ba6b5d99cc9a40f7b951d47152297d0e260f0df01472a1b99d4889679a4b94a13d644f7dbc4f022572f09ae9005fa2fbb93bbbd83643316f365a3e9a45b21
  languageName: node
  linkType: hard

"safer-buffer@npm:>= 2.1.2 < 3":
  version: 2.1.2
  resolution: "safer-buffer@npm:2.1.2"
  checksum: 10c0/7e3c8b2e88a1841c9671094bbaeebd94448111dd90a81a1f606f3f67708a6ec57763b3b47f06da09fc6054193e0e6709e77325415dc8422b04497a8070fa02d4
  languageName: node
  linkType: hard

"semver@npm:^7.3.5":
  version: 7.8.1
  resolution: "semver@npm:7.8.1"
  bin:
    semver: bin/semver.js
  checksum: 10c0/92d6871d6347e1f99d0ba396a70f2545ccf2a032cda3d378fa0699edf7506b5c6d266aed55c8b88e72bd91a30d2351e4f39db479375374430fcdc4b58f4e3c1a
  languageName: node
  linkType: hard

"send@npm:0.16.2":
  version: 0.16.2
  resolution: "send@npm:0.16.2"
  dependencies:
    debug: "npm:2.6.9"
    depd: "npm:~1.1.2"
    destroy: "npm:~1.0.4"
    encodeurl: "npm:~1.0.2"
    escape-html: "npm:~1.0.3"
    etag: "npm:~1.8.1"
    fresh: "npm:0.5.2"
    http-errors: "npm:~1.6.2"
    mime: "npm:1.4.1"
    ms: "npm:2.0.0"
    on-finished: "npm:~2.3.0"
    range-parser: "npm:~1.2.0"
    statuses: "npm:~1.4.0"
  checksum: 10c0/64681de4068c53aa7792d977d8c5b548966ea4aec018850ebf8516cc8bd5547c6e7189ec599907e6a41216058347f0e4fc72d3b37a5f38bf07d5cda168b2b84d
  languageName: node
  linkType: hard

"serve-static@npm:1.13.2":
  version: 1.13.2
  resolution: "serve-static@npm:1.13.2"
  dependencies:
    encodeurl: "npm:~1.0.2"
    escape-html: "npm:~1.0.3"
    parseurl: "npm:~1.3.2"
    send: "npm:0.16.2"
  checksum: 10c0/7d277284091ed3902ae1020149b45559b0af5ccc64dcb66331ae771756afb10da56275b363ec2e8fa40607eaa2a7e90c84a40b28ff18083a0f5e78b215aaa634
  languageName: node
  linkType: hard

"setprototypeof@npm:1.1.0":
  version: 1.1.0
  resolution: "setprototypeof@npm:1.1.0"
  checksum: 10c0/a77b20876689c6a89c3b42f0c3596a9cae02f90fc902570cbd97198e9e8240382086c9303ad043e88cee10f61eae19f1004e51d885395a1e9bf49f9ebed12872
  languageName: node
  linkType: hard

"sift@npm:17.1.3":
  version: 17.1.3
  resolution: "sift@npm:17.1.3"
  checksum: 10c0/bb05d1d65cc9b549b402c1366ba1fcf685311808b6d5c2f4fa2f477d7b524218bbf6c99587562d5613d407820a6b5a7cad809f89c3f75c513ff5d8c0e0a0cead
  languageName: node
  linkType: hard

"sparse-bitfield@npm:^3.0.3":
  version: 3.0.3
  resolution: "sparse-bitfield@npm:3.0.3"
  dependencies:
    memory-pager: "npm:^1.0.2"
  checksum: 10c0/248c6ff7b5e354735e1daac4059222a29c9d291dfcf265daf675d13515eeaac454cfcccd687c8d134f86698b39abd7ad4d7434f7272dd6f8e41a00f21aae4194
  languageName: node
  linkType: hard

"statuses@npm:>= 1.4.0 < 2":
  version: 1.5.0
  resolution: "statuses@npm:1.5.0"
  checksum: 10c0/e433900956357b3efd79b1c547da4d291799ac836960c016d10a98f6a810b1b5c0dcc13b5a7aa609a58239b5190e1ea176ad9221c2157d2fd1c747393e6b2940
  languageName: node
  linkType: hard

"statuses@npm:~1.4.0":
  version: 1.4.0
  resolution: "statuses@npm:1.4.0"
  checksum: 10c0/2877ece71af9f8dcefe6cdf0cc0d96d3cab20cef33594991396346e683923d36add1b08312450e9f8dfb9f1e6718d9e57482157bb190f8ea4fc5c7bc441f3f25
  languageName: node
  linkType: hard

"tar@npm:^7.5.4":
  version: 7.5.15
  resolution: "tar@npm:7.5.15"
  dependencies:
    "@isaacs/fs-minipass": "npm:^4.0.0"
    chownr: "npm:^3.0.0"
    minipass: "npm:^7.1.2"
    minizlib: "npm:^3.1.0"
    yallist: "npm:^5.0.0"
  checksum: 10c0/8f039edb1d12fdd7df6c6f9877d125afe9f3da3f5f9317df326fdd090d48793d6998cede1506a1471f3e3a250db270a89dace28005eb5e99c5a9132d704ac956
  languageName: node
  linkType: hard

"tinyglobby@npm:^0.2.12":
  version: 0.2.16
  resolution: "tinyglobby@npm:0.2.16"
  dependencies:
    fdir: "npm:^6.5.0"
    picomatch: "npm:^4.0.4"
  checksum: 10c0/f2e09fd93dd95c41e522113b686ff6f7c13020962f8698a864a257f3d7737599afc47722b7ab726e12f8a813f779906187911ff8ee6701ede65072671a7e934b
  languageName: node
  linkType: hard

"tr46@npm:^5.1.0":
  version: 5.1.1
  resolution: "tr46@npm:5.1.1"
  dependencies:
    punycode: "npm:^2.3.1"
  checksum: 10c0/ae270e194d52ec67ebd695c1a42876e0f19b96e4aca2ab464ab1d9d17dc3acd3e18764f5034c93897db73421563be27c70c98359c4501136a497e46deda5d5ec
  languageName: node
  linkType: hard

"tr46@npm:~0.0.3":
  version: 0.0.3
  resolution: "tr46@npm:0.0.3"
  checksum: 10c0/047cb209a6b60c742f05c9d3ace8fa510bff609995c129a37ace03476a9b12db4dbf975e74600830ef0796e18882b2381fb5fb1f6b4f96b832c374de3ab91a11
  languageName: node
  linkType: hard

"type-is@npm:~1.6.16":
  version: 1.6.18
  resolution: "type-is@npm:1.6.18"
  dependencies:
    media-typer: "npm:0.3.0"
    mime-types: "npm:~2.1.24"
  checksum: 10c0/a23daeb538591b7efbd61ecf06b6feb2501b683ffdc9a19c74ef5baba362b4347e42f1b4ed81f5882a8c96a3bfff7f93ce3ffaf0cbbc879b532b04c97a55db9d
  languageName: node
  linkType: hard

"uid2@npm:^1.0.0":
  version: 1.0.0
  resolution: "uid2@npm:1.0.0"
  checksum: 10c0/775721fc4116ab7f42abf47e329ea747106e1c1685b77771ba7c2888a14854d84f767846d4ad899586a633b2e813fcf253b1bed5708b5c1e3f6fe711d78a75f2
  languageName: node
  linkType: hard

"undici@npm:^6.25.0":
  version: 6.26.0
  resolution: "undici@npm:6.26.0"
  checksum: 10c0/cf2b4caf58c33d6582970991290cc7a6486d6e738845f25dcdd16952d708ec844815c6d30362919764fcaf30f719891289341f1ada496f003ce2700310453a47
  languageName: node
  linkType: hard

"unpipe@npm:1.0.0, unpipe@npm:~1.0.0":
  version: 1.0.0
  resolution: "unpipe@npm:1.0.0"
  checksum: 10c0/193400255bd48968e5c5383730344fbb4fa114cdedfab26e329e50dd2d81b134244bb8a72c6ac1b10ab0281a58b363d06405632c9d49ca9dfd5e90cbd7d0f32c
  languageName: node
  linkType: hard

"utils-merge@npm:1.0.1":
  version: 1.0.1
  resolution: "utils-merge@npm:1.0.1"
  checksum: 10c0/02ba649de1b7ca8854bfe20a82f1dfbdda3fb57a22ab4a8972a63a34553cf7aa51bc9081cf7e001b035b88186d23689d69e71b510e610a09a4c66f68aa95b672
  languageName: node
  linkType: hard

"vary@npm:^1, vary@npm:~1.1.2":
  version: 1.1.2
  resolution: "vary@npm:1.1.2"
  checksum: 10c0/f15d588d79f3675135ba783c91a4083dcd290a2a5be9fcb6514220a1634e23df116847b1cc51f66bfb0644cf9353b2abb7815ae499bab06e46dd33c1a6bf1f4f
  languageName: node
  linkType: hard

"webidl-conversions@npm:^3.0.0":
  version: 3.0.1
  resolution: "webidl-conversions@npm:3.0.1"
  checksum: 10c0/5612d5f3e54760a797052eb4927f0ddc01383550f542ccd33d5238cfd65aeed392a45ad38364970d0a0f4fea32e1f4d231b3d8dac4a3bdd385e5cf802ae097db
  languageName: node
  linkType: hard

"webidl-conversions@npm:^7.0.0":
  version: 7.0.0
  resolution: "webidl-conversions@npm:7.0.0"
  checksum: 10c0/228d8cb6d270c23b0720cb2d95c579202db3aaf8f633b4e9dd94ec2000a04e7e6e43b76a94509cdb30479bd00ae253ab2371a2da9f81446cc313f89a4213a2c4
  languageName: node
  linkType: hard

"whatwg-url@npm:^14.1.0":
  version: 14.2.0
  resolution: "whatwg-url@npm:14.2.0"
  dependencies:
    tr46: "npm:^5.1.0"
    webidl-conversions: "npm:^7.0.0"
  checksum: 10c0/f746fc2f4c906607d09537de1227b13f9494c171141e5427ed7d2c0dd0b6a48b43d8e71abaae57d368d0c06b673fd8ec63550b32ad5ed64990c7b0266c2b4272
  languageName: node
  linkType: hard

"whatwg-url@npm:^5.0.0":
  version: 5.0.0
  resolution: "whatwg-url@npm:5.0.0"
  dependencies:
    tr46: "npm:~0.0.3"
    webidl-conversions: "npm:^3.0.0"
  checksum: 10c0/1588bed84d10b72d5eec1d0faa0722ba1962f1821e7539c535558fb5398d223b0c50d8acab950b8c488b4ba69043fd833cc2697056b167d8ad46fac3995a55d5
  languageName: node
  linkType: hard

"which@npm:^6.0.0":
  version: 6.0.1
  resolution: "which@npm:6.0.1"
  dependencies:
    isexe: "npm:^4.0.0"
  bin:
    node-which: bin/which.js
  checksum: 10c0/7e710e54ea36d2d6183bee2f9caa27a3b47b9baf8dee55a199b736fcf85eab3b9df7556fca3d02b50af7f3dfba5ea3a45644189836df06267df457e354da66d5
  languageName: node
  linkType: hard

"yallist@npm:^5.0.0":
  version: 5.0.0
  resolution: "yallist@npm:5.0.0"
  checksum: 10c0/a499c81ce6d4a1d260d4ea0f6d49ab4da09681e32c3f0472dee16667ed69d01dae63a3b81745a24bd78476ec4fcf856114cb4896ace738e01da34b2c42235416
  languageName: node
  linkType: hard
